
Microsoft Visual Studio Solution File, Format Version 12.00
# Visual Studio Version 16
VisualStudioVersion = 16.0.31112.23
MinimumVisualStudioVersion = 10.0.40219.1
Project("{2150E333-8FDC-42A3-9474-1A3956D46DE8}") = "src", "src", "{0FC195B9-ED05-4FCA-A799-13DE87C830BA}"
EndProject
Project("{9A19103F-16F7-4668-BE54-9A1E7A4F7556}") = "Parsifal.Util", "src\Parsifal.Util\Parsifal.Util.csproj", "{B57956B7-CEC9-423F-946A-A12076DFEAEA}"
EndProject
Project("{2150E333-8FDC-42A3-9474-1A3956D46DE8}") = "test", "test", "{B0ED2F66-D976-4079-AA7B-EB7D82056523}"
EndProject
Project("{9A19103F-16F7-4668-BE54-9A1E7A4F7556}") = "Parsifal.Util.UnitTest", "test\Parsifal.Util.UnitTest\Parsifal.Util.UnitTest.csproj", "{2E29EC06-3EA5-4318-B376-0519B108801B}"
EndProject
Project("{9A19103F-16F7-4668-BE54-9A1E7A4F7556}") = "Parsifal.Util.Benchmark", "test\Parsifal.Util.Benchmark\Parsifal.Util.Benchmark.csproj", "{BF053517-F8A7-42BC-B8B4-1C437D616A1A}"
EndProject
Global
	GlobalSection(SolutionConfigurationPlatforms) = preSolution
		Debug|Any CPU = Debug|Any CPU
		Release|Any CPU = Release|Any CPU
	EndGlobalSection
	GlobalSection(ProjectConfigurationPlatforms) = postSolution
		{B57956B7-CEC9-423F-946A-A12076DFEAEA}.Debug|Any CPU.ActiveCfg = Debug|Any CPU
		{B57956B7-CEC9-423F-946A-A12076DFEAEA}.Debug|Any CPU.Build.0 = Debug|Any CPU
		{B57956B7-CEC9-423F-946A-A12076DFEAEA}.Release|Any CPU.ActiveCfg = Release|Any CPU
		{B57956B7-CEC9-423F-946A-A12076DFEAEA}.Release|Any CPU.Build.0 = Release|Any CPU
		{2E29EC06-3EA5-4318-B376-0519B108801B}.Debug|Any CPU.ActiveCfg = Debug|Any CPU
		{2E29EC06-3EA5-4318-B376-0519B108801B}.Debug|Any CPU.Build.0 = Debug|Any CPU
		{2E29EC06-3EA5-4318-B376-0519B108801B}.Release|Any CPU.ActiveCfg = Release|Any CPU
		{2E29EC06-3EA5-4318-B376-0519B108801B}.Release|Any CPU.Build.0 = Release|Any CPU
		{BF053517-F8A7-42BC-B8B4-1C437D616A1A}.Debug|Any CPU.ActiveCfg = Debug|Any CPU
		{BF053517-F8A7-42BC-B8B4-1C437D616A1A}.Debug|Any CPU.Build.0 = Debug|Any CPU
		{BF053517-F8A7-42BC-B8B4-1C437D616A1A}.Release|Any CPU.ActiveCfg = Release|Any CPU
		{BF053517-F8A7-42BC-B8B4-1C437D616A1A}.Release|Any CPU.Build.0 = Release|Any CPU
	EndGlobalSection
	GlobalSection(SolutionProperties) = preSolution
		HideSolutionNode = FALSE
	EndGlobalSection
	GlobalSection(NestedProjects) = preSolution
		{B57956B7-CEC9-423F-946A-A12076DFEAEA} = {0FC195B9-ED05-4FCA-A799-13DE87C830BA}
		{2E29EC06-3EA5-4318-B376-0519B108801B} = {B0ED2F66-D976-4079-AA7B-EB7D82056523}
		{BF053517-F8A7-42BC-B8B4-1C437D616A1A} = {B0ED2F66-D976-4079-AA7B-EB7D82056523}
	EndGlobalSection
	GlobalSection(ExtensibilityGlobals) = postSolution
		SolutionGuid = {B206FD94-3A88-4901-A628-BBFFBCF0D661}
	EndGlobalSection
EndGlobal
