
Microsoft Visual Studio Solution File, Format Version 12.00
# Visual Studio Version 16
VisualStudioVersion = 16.0.31112.23
MinimumVisualStudioVersion = 10.0.40219.1
Project("{FAE04EC0-301F-11D3-BF4B-00C04F79EFBC}") = "Parsifal.Util", "Parsifal.Util\Parsifal.Util.csproj", "{1560B2CB-6559-4993-8770-77A28D2C0B31}"
EndProject
Project("{FAE04EC0-301F-11D3-BF4B-00C04F79EFBC}") = "Parsifal.Util.UnitTest", "Parsifal.Util.UnitTest\Parsifal.Util.UnitTest.csproj", "{75CF2938-86E6-4380-8633-5274B04D674E}"
EndProject
Project("{FAE04EC0-301F-11D3-BF4B-00C04F79EFBC}") = "Parsifal.Util.Benchmark", "Parsifal.Util.Benchmark\Parsifal.Util.Benchmark.csproj", "{1E30C530-208E-4717-BD00-5D40D50998C7}"
EndProject
Global
	GlobalSection(SolutionConfigurationPlatforms) = preSolution
		Debug|Any CPU = Debug|Any CPU
		Release|Any CPU = Release|Any CPU
	EndGlobalSection
	GlobalSection(ProjectConfigurationPlatforms) = postSolution
		{1560B2CB-6559-4993-8770-77A28D2C0B31}.Debug|Any CPU.ActiveCfg = Debug|Any CPU
		{1560B2CB-6559-4993-8770-77A28D2C0B31}.Debug|Any CPU.Build.0 = Debug|Any CPU
		{1560B2CB-6559-4993-8770-77A28D2C0B31}.Release|Any CPU.ActiveCfg = Release|Any CPU
		{1560B2CB-6559-4993-8770-77A28D2C0B31}.Release|Any CPU.Build.0 = Release|Any CPU
		{75CF2938-86E6-4380-8633-5274B04D674E}.Debug|Any CPU.ActiveCfg = Debug|Any CPU
		{75CF2938-86E6-4380-8633-5274B04D674E}.Debug|Any CPU.Build.0 = Debug|Any CPU
		{75CF2938-86E6-4380-8633-5274B04D674E}.Release|Any CPU.ActiveCfg = Release|Any CPU
		{75CF2938-86E6-4380-8633-5274B04D674E}.Release|Any CPU.Build.0 = Release|Any CPU
		{1E30C530-208E-4717-BD00-5D40D50998C7}.Debug|Any CPU.ActiveCfg = Debug|Any CPU
		{1E30C530-208E-4717-BD00-5D40D50998C7}.Debug|Any CPU.Build.0 = Debug|Any CPU
		{1E30C530-208E-4717-BD00-5D40D50998C7}.Release|Any CPU.ActiveCfg = Release|Any CPU
		{1E30C530-208E-4717-BD00-5D40D50998C7}.Release|Any CPU.Build.0 = Release|Any CPU
	EndGlobalSection
	GlobalSection(SolutionProperties) = preSolution
		HideSolutionNode = FALSE
	EndGlobalSection
	GlobalSection(ExtensibilityGlobals) = postSolution
		SolutionGuid = {B206FD94-3A88-4901-A628-BBFFBCF0D661}
	EndGlobalSection
EndGlobal
